
Microsoft Visual Studio Solution File, Format Version 12.00
Project("{FAE04EC0-301F-11D3-BF4B-00C04F79EFBC}") = "Porfolio", "Porfolio\Porfolio.csproj", "{CD054ADC-FBCE-4C63-B628-0C960CCE77AA}"
EndProject
Global
	GlobalSection(SolutionConfigurationPlatforms) = preSolution
		Debug|Any CPU = Debug|Any CPU
		Release|Any CPU = Release|Any CPU
	EndGlobalSection
	GlobalSection(ProjectConfigurationPlatforms) = postSolution
		{CD054ADC-FBCE-4C63-B628-0C960CCE77AA}.Debug|Any CPU.ActiveCfg = Debug|Any CPU
		{CD054ADC-FBCE-4C63-B628-0C960CCE77AA}.Debug|Any CPU.Build.0 = Debug|Any CPU
		{CD054ADC-FBCE-4C63-B628-0C960CCE77AA}.Release|Any CPU.ActiveCfg = Release|Any CPU
		{CD054ADC-FBCE-4C63-B628-0C960CCE77AA}.Release|Any CPU.Build.0 = Release|Any CPU
	EndGlobalSection
EndGlobal
